{
  "name": "tsb",
  "version": "1.0.0",
  "lockfileVersion": 2,
  "requires": true,
  "packages": {
    "": {
      "name": "tsb",
      "version": "1.0.0",
      "license": "ISC",
      "dependencies": {
        "@ethereumjs/tx": "^5.0.0",
        "@ethereumjs/util": "^9.0.0",
        "@types/axios": "^0.14.0",
        "asn1js": "^3.0.5",
        "axios": "^1.5.0",
        "validator": "^13.11.0"
      },
      "devDependencies": {
        "@types/node": "^20.6.5",
        "@types/validator": "^13.11.1"
      }
    },
    "node_modules/@ethereumjs/common": {
      "version": "4.0.0",
      "resolved": "https://registry.npmjs.org/@ethereumjs/common/-/common-4.0.0.tgz",
      "integrity": "sha512-eVa0/nC15mpotD8HOq6jB883SCWUkLjibr2jLPmPrx4FfmewXqFeh4drgR2sHjq3qWKxpCLK+5qsSJgtXwIzJQ==",
      "dependencies": {
        "@ethereumjs/util": "^9.0.0",
        "crc": "^4.3.2"
      }
    },
    "node_modules/@ethereumjs/rlp": {
      "version": "5.0.0",
      "resolved": "https://registry.npmjs.org/@ethereumjs/rlp/-/rlp-5.0.0.tgz",
      "integrity": "sha512-WuS1l7GJmB0n0HsXLozCoEFc9IwYgf3l0gCkKVYgR67puVF1O4OpEaN0hWmm1c+iHUHFCKt1hJrvy5toLg+6ag==",
      "bin": {
        "rlp": "bin/rlp"
      },
      "engines": {
        "node": ">=18"
      }
    },
    "node_modules/@ethereumjs/tx": {
      "version": "5.0.0",
      "resolved": "https://registry.npmjs.org/@ethereumjs/tx/-/tx-5.0.0.tgz",
      "integrity": "sha512-bJBC/jHVIbwvZBVsK0Ls70NzxJ8Q3UvPwskG1LO6+ryVGKY0y1bhRreo0/gR3vTkuRjD+x5QTYV6fIY16tswJA==",
      "dependencies": {
        "@ethereumjs/common": "^4.0.0",
        "@ethereumjs/rlp": "^5.0.0",
        "@ethereumjs/util": "^9.0.0",
        "ethereum-cryptography": "^2.1.2"
      },
      "engines": {
        "node": ">=18"
      },
      "peerDependencies": {
        "c-kzg": "^2.1.0"
      },
      "peerDependenciesMeta": {
        "c-kzg": {
          "optional": true
        }
      }
    },
    "node_modules/@ethereumjs/util": {
      "version": "9.0.0",
      "resolved": "https://registry.npmjs.org/@ethereumjs/util/-/util-9.0.0.tgz",
      "integrity": "sha512-V8062I+ZXfFxtFLp7xsPeiT1IxDaVOZaM78nGj1gsWUFeZ8SgADMLDKWehp+muTy1JRbVoXFljZ1qoyv9ji/2g==",
      "dependencies": {
        "@ethereumjs/rlp": "^5.0.0",
        "ethereum-cryptography": "^2.1.2"
      },
      "engines": {
        "node": ">=18"
      },
      "peerDependencies": {
        "c-kzg": "^2.1.0"
      },
      "peerDependenciesMeta": {
        "c-kzg": {
          "optional": true
        }
      }
    },
    "node_modules/@noble/curves": {
      "version": "1.1.0",
      "resolved": "https://registry.npmjs.org/@noble/curves/-/curves-1.1.0.tgz",
      "integrity": "sha512-091oBExgENk/kGj3AZmtBDMpxQPDtxQABR2B9lb1JbVTs6ytdzZNwvhxQ4MWasRNEzlbEH8jCWFCwhF/Obj5AA==",
      "dependencies": {
        "@noble/hashes": "1.3.1"
      },
      "funding": {
        "url": "https://paulmillr.com/funding/"
      }
    },
    "node_modules/@noble/hashes": {
      "version": "1.3.1",
      "resolved": "https://registry.npmjs.org/@noble/hashes/-/hashes-1.3.1.tgz",
      "integrity": "sha512-EbqwksQwz9xDRGfDST86whPBgM65E0OH/pCgqW0GBVzO22bNE+NuIbeTb714+IfSjU3aRk47EUvXIb5bTsenKA==",
      "engines": {
        "node": ">= 16"
      },
      "funding": {
        "url": "https://paulmillr.com/funding/"
      }
    },
    "node_modules/@scure/base": {
      "version": "1.1.3",
      "resolved": "https://registry.npmjs.org/@scure/base/-/base-1.1.3.tgz",
      "integrity": "sha512-/+SgoRjLq7Xlf0CWuLHq2LUZeL/w65kfzAPG5NH9pcmBhs+nunQTn4gvdwgMTIXnt9b2C/1SeL2XiysZEyIC9Q==",
      "funding": {
        "url": "https://paulmillr.com/funding/"
      }
    },
    "node_modules/@scure/bip32": {
      "version": "1.3.1",
      "resolved": "https://registry.npmjs.org/@scure/bip32/-/bip32-1.3.1.tgz",
      "integrity": "sha512-osvveYtyzdEVbt3OfwwXFr4P2iVBL5u1Q3q4ONBfDY/UpOuXmOlbgwc1xECEboY8wIays8Yt6onaWMUdUbfl0A==",
      "dependencies": {
        "@noble/curves": "~1.1.0",
        "@noble/hashes": "~1.3.1",
        "@scure/base": "~1.1.0"
      },
      "funding": {
        "url": "https://paulmillr.com/funding/"
      }
    },
    "node_modules/@scure/bip39": {
      "version": "1.2.1",
      "resolved": "https://registry.npmjs.org/@scure/bip39/-/bip39-1.2.1.tgz",
      "integrity": "sha512-Z3/Fsz1yr904dduJD0NpiyRHhRYHdcnyh73FZWiV+/qhWi83wNJ3NWolYqCEN+ZWsUz2TWwajJggcRE9r1zUYg==",
      "dependencies": {
        "@noble/hashes": "~1.3.0",
        "@scure/base": "~1.1.0"
      },
      "funding": {
        "url": "https://paulmillr.com/funding/"
      }
    },
    "node_modules/@types/axios": {
      "version": "0.14.0",
      "resolved": "https://registry.npmjs.org/@types/axios/-/axios-0.14.0.tgz",
      "integrity": "sha512-KqQnQbdYE54D7oa/UmYVMZKq7CO4l8DEENzOKc4aBRwxCXSlJXGz83flFx5L7AWrOQnmuN3kVsRdt+GZPPjiVQ==",
      "deprecated": "This is a stub types definition for axios (https://github.com/mzabriskie/axios). axios provides its own type definitions, so you don't need @types/axios installed!",
      "dependencies": {
        "axios": "*"
      }
    },
    "node_modules/@types/node": {
      "version": "20.6.5",
      "resolved": "https://registry.npmjs.org/@types/node/-/node-20.6.5.tgz",
      "integrity": "sha512-2qGq5LAOTh9izcc0+F+dToFigBWiK1phKPt7rNhOqJSr35y8rlIBjDwGtFSgAI6MGIhjwOVNSQZVdJsZJ2uR1w==",
      "dev": true
    },
    "node_modules/@types/validator": {
      "version": "13.11.1",
      "resolved": "https://registry.npmjs.org/@types/validator/-/validator-13.11.1.tgz",
      "integrity": "sha512-d/MUkJYdOeKycmm75Arql4M5+UuXmf4cHdHKsyw1GcvnNgL6s77UkgSgJ8TE/rI5PYsnwYq5jkcWBLuN/MpQ1A==",
      "dev": true
    },
    "node_modules/asn1js": {
      "version": "3.0.5",
      "resolved": "https://registry.npmjs.org/asn1js/-/asn1js-3.0.5.tgz",
      "integrity": "sha512-FVnvrKJwpt9LP2lAMl8qZswRNm3T4q9CON+bxldk2iwk3FFpuwhx2FfinyitizWHsVYyaY+y5JzDR0rCMV5yTQ==",
      "dependencies": {
        "pvtsutils": "^1.3.2",
        "pvutils": "^1.1.3",
        "tslib": "^2.4.0"
      },
      "engines": {
        "node": ">=12.0.0"
      }
    },
    "node_modules/asynckit": {
      "version": "0.4.0",
      "resolved": "https://registry.npmjs.org/asynckit/-/asynckit-0.4.0.tgz",
      "integrity": "sha512-Oei9OH4tRh0YqU3GxhX79dM/mwVgvbZJaSNaRk+bshkj0S5cfHcgYakreBjrHwatXKbz+IoIdYLxrKim2MjW0Q=="
    },
    "node_modules/axios": {
      "version": "1.5.0",
      "resolved": "https://registry.npmjs.org/axios/-/axios-1.5.0.tgz",
      "integrity": "sha512-D4DdjDo5CY50Qms0qGQTTw6Q44jl7zRwY7bthds06pUGfChBCTcQs+N743eFWGEd6pRTMd6A+I87aWyFV5wiZQ==",
      "dependencies": {
        "follow-redirects": "^1.15.0",
        "form-data": "^4.0.0",
        "proxy-from-env": "^1.1.0"
      }
    },
    "node_modules/combined-stream": {
      "version": "1.0.8",
      "resolved": "https://registry.npmjs.org/combined-stream/-/combined-stream-1.0.8.tgz",
      "integrity": "sha512-FQN4MRfuJeHf7cBbBMJFXhKSDq+2kAArBlmRBvcvFE5BB1HZKXtSFASDhdlz9zOYwxh8lDdnvmMOe/+5cdoEdg==",
      "dependencies": {
        "delayed-stream": "~1.0.0"
      },
      "engines": {
        "node": ">= 0.8"
      }
    },
    "node_modules/crc": {
      "version": "4.3.2",
      "resolved": "https://registry.npmjs.org/crc/-/crc-4.3.2.tgz",
      "integrity": "sha512-uGDHf4KLLh2zsHa8D8hIQ1H/HtFQhyHrc0uhHBcoKGol/Xnb+MPYfUMw7cvON6ze/GUESTudKayDcJC5HnJv1A==",
      "engines": {
        "node": ">=12"
      },
      "peerDependencies": {
        "buffer": ">=6.0.3"
      },
      "peerDependenciesMeta": {
        "buffer": {
          "optional": true
        }
      }
    },
    "node_modules/delayed-stream": {
      "version": "1.0.0",
      "resolved": "https://registry.npmjs.org/delayed-stream/-/delayed-stream-1.0.0.tgz",
      "integrity": "sha512-ZySD7Nf91aLB0RxL4KGrKHBXl7Eds1DAmEdcoVawXnLD7SDhpNgtuII2aAkg7a7QS41jxPSZ17p4VdGnMHk3MQ==",
      "engines": {
        "node": ">=0.4.0"
      }
    },
    "node_modules/ethereum-cryptography": {
      "version": "2.1.2",
      "resolved": "https://registry.npmjs.org/ethereum-cryptography/-/ethereum-cryptography-2.1.2.tgz",
      "integrity": "sha512-Z5Ba0T0ImZ8fqXrJbpHcbpAvIswRte2wGNR/KePnu8GbbvgJ47lMxT/ZZPG6i9Jaht4azPDop4HaM00J0J59ug==",
      "dependencies": {
        "@noble/curves": "1.1.0",
        "@noble/hashes": "1.3.1",
        "@scure/bip32": "1.3.1",
        "@scure/bip39": "1.2.1"
      }
    },
    "node_modules/follow-redirects": {
      "version": "1.15.3",
      "resolved": "https://registry.npmjs.org/follow-redirects/-/follow-redirects-1.15.3.tgz",
      "integrity": "sha512-1VzOtuEM8pC9SFU1E+8KfTjZyMztRsgEfwQl44z8A25uy13jSzTj6dyK2Df52iV0vgHCfBwLhDWevLn95w5v6Q==",
      "funding": [
        {
          "type": "individual",
          "url": "https://github.com/sponsors/RubenVerborgh"
        }
      ],
      "engines": {
        "node": ">=4.0"
      },
      "peerDependenciesMeta": {
        "debug": {
          "optional": true
        }
      }
    },
    "node_modules/form-data": {
      "version": "4.0.0",
      "resolved": "https://registry.npmjs.org/form-data/-/form-data-4.0.0.tgz",
      "integrity": "sha512-ETEklSGi5t0QMZuiXoA/Q6vcnxcLQP5vdugSpuAyi6SVGi2clPPp+xgEhuMaHC+zGgn31Kd235W35f7Hykkaww==",
      "dependencies": {
        "asynckit": "^0.4.0",
        "combined-stream": "^1.0.8",
        "mime-types": "^2.1.12"
      },
      "engines": {
        "node": ">= 6"
      }
    },
    "node_modules/mime-db": {
      "version": "1.52.0",
      "resolved": "https://registry.npmjs.org/mime-db/-/mime-db-1.52.0.tgz",
      "integrity": "sha512-sPU4uV7dYlvtWJxwwxHD0PuihVNiE7TyAbQ5SWxDCB9mUYvOgroQOwYQQOKPJ8CIbE+1ETVlOoK1UC2nU3gYvg==",
      "engines": {
        "node": ">= 0.6"
      }
    },
    "node_modules/mime-types": {
      "version": "2.1.35",
      "resolved": "https://registry.npmjs.org/mime-types/-/mime-types-2.1.35.tgz",
      "integrity": "sha512-ZDY+bPm5zTTF+YpCrAU9nK0UgICYPT0QtT1NZWFv4s++TNkcgVaT0g6+4R2uI4MjQjzysHB1zxuWL50hzaeXiw==",
      "dependencies": {
        "mime-db": "1.52.0"
      },
      "engines": {
        "node": ">= 0.6"
      }
    },
    "node_modules/proxy-from-env": {
      "version": "1.1.0",
      "resolved": "https://registry.npmjs.org/proxy-from-env/-/proxy-from-env-1.1.0.tgz",
      "integrity": "sha512-D+zkORCbA9f1tdWRK0RaCR3GPv50cMxcrz4X8k5LTSUD1Dkw47mKJEZQNunItRTkWwgtaUSo1RVFRIG9ZXiFYg=="
    },
    "node_modules/pvtsutils": {
      "version": "1.3.5",
      "resolved": "https://registry.npmjs.org/pvtsutils/-/pvtsutils-1.3.5.tgz",
      "integrity": "sha512-ARvb14YB9Nm2Xi6nBq1ZX6dAM0FsJnuk+31aUp4TrcZEdKUlSqOqsxJHUPJDNE3qiIp+iUPEIeR6Je/tgV7zsA==",
      "dependencies": {
        "tslib": "^2.6.1"
      }
    },
    "node_modules/pvutils": {
      "version": "1.1.3",
      "resolved": "https://registry.npmjs.org/pvutils/-/pvutils-1.1.3.tgz",
      "integrity": "sha512-pMpnA0qRdFp32b1sJl1wOJNxZLQ2cbQx+k6tjNtZ8CpvVhNqEPRgivZ2WOUev2YMajecdH7ctUPDvEe87nariQ==",
      "engines": {
        "node": ">=6.0.0"
      }
    },
    "node_modules/tslib": {
      "version": "2.6.2",
      "resolved": "https://registry.npmjs.org/tslib/-/tslib-2.6.2.tgz",
      "integrity": "sha512-AEYxH93jGFPn/a2iVAwW87VuUIkR1FVUKB77NwMF7nBTDkDrrT/Hpt/IrCJ0QXhW27jTBDcf5ZY7w6RiqTMw2Q=="
    },
    "node_modules/validator": {
      "version": "13.11.0",
      "resolved": "https://registry.npmjs.org/validator/-/validator-13.11.0.tgz",
      "integrity": "sha512-Ii+sehpSfZy+At5nPdnyMhx78fEoPDkR2XW/zimHEL3MyGJQOCQ7WeP20jPYRz7ZCpcKLB21NxuXHF3bxjStBQ==",
      "engines": {
        "node": ">= 0.10"
      }
    }
  },
  "dependencies": {
    "@ethereumjs/common": {
      "version": "4.0.0",
      "resolved": "https://registry.npmjs.org/@ethereumjs/common/-/common-4.0.0.tgz",
      "integrity": "sha512-eVa0/nC15mpotD8HOq6jB883SCWUkLjibr2jLPmPrx4FfmewXqFeh4drgR2sHjq3qWKxpCLK+5qsSJgtXwIzJQ==",
      "requires": {
        "@ethereumjs/util": "^9.0.0",
        "crc": "^4.3.2"
      }
    },
    "@ethereumjs/rlp": {
      "version": "5.0.0",
      "resolved": "https://registry.npmjs.org/@ethereumjs/rlp/-/rlp-5.0.0.tgz",
      "integrity": "sha512-WuS1l7GJmB0n0HsXLozCoEFc9IwYgf3l0gCkKVYgR67puVF1O4OpEaN0hWmm1c+iHUHFCKt1hJrvy5toLg+6ag=="
    },
    "@ethereumjs/tx": {
      "version": "5.0.0",
      "resolved": "https://registry.npmjs.org/@ethereumjs/tx/-/tx-5.0.0.tgz",
      "integrity": "sha512-bJBC/jHVIbwvZBVsK0Ls70NzxJ8Q3UvPwskG1LO6+ryVGKY0y1bhRreo0/gR3vTkuRjD+x5QTYV6fIY16tswJA==",
      "requires": {
        "@ethereumjs/common": "^4.0.0",
        "@ethereumjs/rlp": "^5.0.0",
        "@ethereumjs/util": "^9.0.0",
        "ethereum-cryptography": "^2.1.2"
      }
    },
    "@ethereumjs/util": {
      "version": "9.0.0",
      "resolved": "https://registry.npmjs.org/@ethereumjs/util/-/util-9.0.0.tgz",
      "integrity": "sha512-V8062I+ZXfFxtFLp7xsPeiT1IxDaVOZaM78nGj1gsWUFeZ8SgADMLDKWehp+muTy1JRbVoXFljZ1qoyv9ji/2g==",
      "requires": {
        "@ethereumjs/rlp": "^5.0.0",
        "ethereum-cryptography": "^2.1.2"
      }
    },
    "@noble/curves": {
      "version": "1.1.0",
      "resolved": "https://registry.npmjs.org/@noble/curves/-/curves-1.1.0.tgz",
      "integrity": "sha512-091oBExgENk/kGj3AZmtBDMpxQPDtxQABR2B9lb1JbVTs6ytdzZNwvhxQ4MWasRNEzlbEH8jCWFCwhF/Obj5AA==",
      "requires": {
        "@noble/hashes": "1.3.1"
      }
    },
    "@noble/hashes": {
      "version": "1.3.1",
      "resolved": "https://registry.npmjs.org/@noble/hashes/-/hashes-1.3.1.tgz",
      "integrity": "sha512-EbqwksQwz9xDRGfDST86whPBgM65E0OH/pCgqW0GBVzO22bNE+NuIbeTb714+IfSjU3aRk47EUvXIb5bTsenKA=="
    },
    "@scure/base": {
      "version": "1.1.3",
      "resolved": "https://registry.npmjs.org/@scure/base/-/base-1.1.3.tgz",
      "integrity": "sha512-/+SgoRjLq7Xlf0CWuLHq2LUZeL/w65kfzAPG5NH9pcmBhs+nunQTn4gvdwgMTIXnt9b2C/1SeL2XiysZEyIC9Q=="
    },
    "@scure/bip32": {
      "version": "1.3.1",
      "resolved": "https://registry.npmjs.org/@scure/bip32/-/bip32-1.3.1.tgz",
      "integrity": "sha512-osvveYtyzdEVbt3OfwwXFr4P2iVBL5u1Q3q4ONBfDY/UpOuXmOlbgwc1xECEboY8wIays8Yt6onaWMUdUbfl0A==",
      "requires": {
        "@noble/curves": "~1.1.0",
        "@noble/hashes": "~1.3.1",
        "@scure/base": "~1.1.0"
      }
    },
    "@scure/bip39": {
      "version": "1.2.1",
      "resolved": "https://registry.npmjs.org/@scure/bip39/-/bip39-1.2.1.tgz",
      "integrity": "sha512-Z3/Fsz1yr904dduJD0NpiyRHhRYHdcnyh73FZWiV+/qhWi83wNJ3NWolYqCEN+ZWsUz2TWwajJggcRE9r1zUYg==",
      "requires": {
        "@noble/hashes": "~1.3.0",
        "@scure/base": "~1.1.0"
      }
    },
    "@types/axios": {
      "version": "0.14.0",
      "resolved": "https://registry.npmjs.org/@types/axios/-/axios-0.14.0.tgz",
      "integrity": "sha512-KqQnQbdYE54D7oa/UmYVMZKq7CO4l8DEENzOKc4aBRwxCXSlJXGz83flFx5L7AWrOQnmuN3kVsRdt+GZPPjiVQ==",
      "requires": {
        "axios": "*"
      }
    },
    "@types/node": {
      "version": "20.6.5",
      "resolved": "https://registry.npmjs.org/@types/node/-/node-20.6.5.tgz",
      "integrity": "sha512-2qGq5LAOTh9izcc0+F+dToFigBWiK1phKPt7rNhOqJSr35y8rlIBjDwGtFSgAI6MGIhjwOVNSQZVdJsZJ2uR1w==",
      "dev": true
    },
    "@types/validator": {
      "version": "13.11.1",
      "resolved": "https://registry.npmjs.org/@types/validator/-/validator-13.11.1.tgz",
      "integrity": "sha512-d/MUkJYdOeKycmm75Arql4M5+UuXmf4cHdHKsyw1GcvnNgL6s77UkgSgJ8TE/rI5PYsnwYq5jkcWBLuN/MpQ1A==",
      "dev": true
    },
    "asn1js": {
      "version": "3.0.5",
      "resolved": "https://registry.npmjs.org/asn1js/-/asn1js-3.0.5.tgz",
      "integrity": "sha512-FVnvrKJwpt9LP2lAMl8qZswRNm3T4q9CON+bxldk2iwk3FFpuwhx2FfinyitizWHsVYyaY+y5JzDR0rCMV5yTQ==",
      "requires": {
        "pvtsutils": "^1.3.2",
        "pvutils": "^1.1.3",
        "tslib": "^2.4.0"
      }
    },
    "asynckit": {
      "version": "0.4.0",
      "resolved": "https://registry.npmjs.org/asynckit/-/asynckit-0.4.0.tgz",
      "integrity": "sha512-Oei9OH4tRh0YqU3GxhX79dM/mwVgvbZJaSNaRk+bshkj0S5cfHcgYakreBjrHwatXKbz+IoIdYLxrKim2MjW0Q=="
    },
    "axios": {
      "version": "1.5.0",
      "resolved": "https://registry.npmjs.org/axios/-/axios-1.5.0.tgz",
      "integrity": "sha512-D4DdjDo5CY50Qms0qGQTTw6Q44jl7zRwY7bthds06pUGfChBCTcQs+N743eFWGEd6pRTMd6A+I87aWyFV5wiZQ==",
      "requires": {
        "follow-redirects": "^1.15.0",
        "form-data": "^4.0.0",
        "proxy-from-env": "^1.1.0"
      }
    },
    "combined-stream": {
      "version": "1.0.8",
      "resolved": "https://registry.npmjs.org/combined-stream/-/combined-stream-1.0.8.tgz",
      "integrity": "sha512-FQN4MRfuJeHf7cBbBMJFXhKSDq+2kAArBlmRBvcvFE5BB1HZKXtSFASDhdlz9zOYwxh8lDdnvmMOe/+5cdoEdg==",
      "requires": {
        "delayed-stream": "~1.0.0"
      }
    },
    "crc": {
      "version": "4.3.2",
      "resolved": "https://registry.npmjs.org/crc/-/crc-4.3.2.tgz",
      "integrity": "sha512-uGDHf4KLLh2zsHa8D8hIQ1H/HtFQhyHrc0uhHBcoKGol/Xnb+MPYfUMw7cvON6ze/GUESTudKayDcJC5HnJv1A==",
      "requires": {}
    },
    "delayed-stream": {
      "version": "1.0.0",
      "resolved": "https://registry.npmjs.org/delayed-stream/-/delayed-stream-1.0.0.tgz",
      "integrity": "sha512-ZySD7Nf91aLB0RxL4KGrKHBXl7Eds1DAmEdcoVawXnLD7SDhpNgtuII2aAkg7a7QS41jxPSZ17p4VdGnMHk3MQ=="
    },
    "ethereum-cryptography": {
      "version": "2.1.2",
      "resolved": "https://registry.npmjs.org/ethereum-cryptography/-/ethereum-cryptography-2.1.2.tgz",
      "integrity": "sha512-Z5Ba0T0ImZ8fqXrJbpHcbpAvIswRte2wGNR/KePnu8GbbvgJ47lMxT/ZZPG6i9Jaht4azPDop4HaM00J0J59ug==",
      "requires": {
        "@noble/curves": "1.1.0",
        "@noble/hashes": "1.3.1",
        "@scure/bip32": "1.3.1",
        "@scure/bip39": "1.2.1"
      }
    },
    "follow-redirects": {
      "version": "1.15.3",
      "resolved": "https://registry.npmjs.org/follow-redirects/-/follow-redirects-1.15.3.tgz",
      "integrity": "sha512-1VzOtuEM8pC9SFU1E+8KfTjZyMztRsgEfwQl44z8A25uy13jSzTj6dyK2Df52iV0vgHCfBwLhDWevLn95w5v6Q=="
    },
    "form-data": {
      "version": "4.0.0",
      "resolved": "https://registry.npmjs.org/form-data/-/form-data-4.0.0.tgz",
      "integrity": "sha512-ETEklSGi5t0QMZuiXoA/Q6vcnxcLQP5vdugSpuAyi6SVGi2clPPp+xgEhuMaHC+zGgn31Kd235W35f7Hykkaww==",
      "requires": {
        "asynckit": "^0.4.0",
        "combined-stream": "^1.0.8",
        "mime-types": "^2.1.12"
      }
    },
    "mime-db": {
      "version": "1.52.0",
      "resolved": "https://registry.npmjs.org/mime-db/-/mime-db-1.52.0.tgz",
      "integrity": "sha512-sPU4uV7dYlvtWJxwwxHD0PuihVNiE7TyAbQ5SWxDCB9mUYvOgroQOwYQQOKPJ8CIbE+1ETVlOoK1UC2nU3gYvg=="
    },
    "mime-types": {
      "version": "2.1.35",
      "resolved": "https://registry.npmjs.org/mime-types/-/mime-types-2.1.35.tgz",
      "integrity": "sha512-ZDY+bPm5zTTF+YpCrAU9nK0UgICYPT0QtT1NZWFv4s++TNkcgVaT0g6+4R2uI4MjQjzysHB1zxuWL50hzaeXiw==",
      "requires": {
        "mime-db": "1.52.0"
      }
    },
    "proxy-from-env": {
      "version": "1.1.0",
      "resolved": "https://registry.npmjs.org/proxy-from-env/-/proxy-from-env-1.1.0.tgz",
      "integrity": "sha512-D+zkORCbA9f1tdWRK0RaCR3GPv50cMxcrz4X8k5LTSUD1Dkw47mKJEZQNunItRTkWwgtaUSo1RVFRIG9ZXiFYg=="
    },
    "pvtsutils": {
      "version": "1.3.5",
      "resolved": "https://registry.npmjs.org/pvtsutils/-/pvtsutils-1.3.5.tgz",
      "integrity": "sha512-ARvb14YB9Nm2Xi6nBq1ZX6dAM0FsJnuk+31aUp4TrcZEdKUlSqOqsxJHUPJDNE3qiIp+iUPEIeR6Je/tgV7zsA==",
      "requires": {
        "tslib": "^2.6.1"
      }
    },
    "pvutils": {
      "version": "1.1.3",
      "resolved": "https://registry.npmjs.org/pvutils/-/pvutils-1.1.3.tgz",
      "integrity": "sha512-pMpnA0qRdFp32b1sJl1wOJNxZLQ2cbQx+k6tjNtZ8CpvVhNqEPRgivZ2WOUev2YMajecdH7ctUPDvEe87nariQ=="
    },
    "tslib": {
      "version": "2.6.2",
      "resolved": "https://registry.npmjs.org/tslib/-/tslib-2.6.2.tgz",
      "integrity": "sha512-AEYxH93jGFPn/a2iVAwW87VuUIkR1FVUKB77NwMF7nBTDkDrrT/Hpt/IrCJ0QXhW27jTBDcf5ZY7w6RiqTMw2Q=="
    },
    "validator": {
      "version": "13.11.0",
      "resolved": "https://registry.npmjs.org/validator/-/validator-13.11.0.tgz",
      "integrity": "sha512-Ii+sehpSfZy+At5nPdnyMhx78fEoPDkR2XW/zimHEL3MyGJQOCQ7WeP20jPYRz7ZCpcKLB21NxuXHF3bxjStBQ=="
    }
  }
}
